{
    "_readme": [
        "This file locks the dependencies of your project to a known state",
        "Read more about it at https://getcomposer.org/doc/01-basic-usage.md#installing-dependencies",
        "This file is @generated automatically"
    ],
    "content-hash": "4f76122a0134fce371f76b7bdd8f7661",
    "packages": [
        {
            "name": "fpdf/fpdf",
            "version": "1.86.0",
            "source": {
                "type": "git",
                "url": "https://github.com/coreydoughty/Fpdf.git",
                "reference": "d2a0cbd9e4b5557b9c6c29ddc8eb2b36d8761e00"
            },
            "dist": {
                "type": "zip",
                "url": "https://api.github.com/repos/coreydoughty/Fpdf/zipball/d2a0cbd9e4b5557b9c6c29ddc8eb2b36d8761e00",
                "reference": "d2a0cbd9e4b5557b9c6c29ddc8eb2b36d8761e00",
                "shasum": ""
            },
            "require": {
                "php": ">=5.6.0"
            },
            "type": "library",
            "extra": {
                "laravel": {
                    "aliases": {
                        "FPDF": "Fpdf\\Fpdf"
                    }
                }
            },
            "autoload": {
                "psr-4": {
                    "Fpdf\\": "src/Fpdf"
                }
            },
            "notification-url": "https://packagist.org/downloads/",
            "license": [
                "MIT"
            ],
            "authors": [
                {
                    "name": "Corey Doughty",
                    "email": "corey@doughty.ca"
                }
            ],
            "description": "FPDF Composer Wrapper",
            "homepage": "https://github.com/coreydoughty/Fpdf",
            "keywords": [
                "fpdf",
                "pdf",
                "wrapper"
            ],
            "support": {
                "issues": "https://github.com/coreydoughty/Fpdf/issues",
                "source": "https://github.com/coreydoughty/Fpdf/tree/1.86.0"
            },
            "time": "2023-07-04T16:41:45+00:00"
        },
        {
            "name": "picqer/php-barcode-generator",
            "version": "v2.3.2",
            "source": {
                "type": "git",
                "url": "https://github.com/picqer/php-barcode-generator.git",
                "reference": "dab19f2afe42d2e3dda1504f5834e36f2ecf0553"
            },
            "dist": {
                "type": "zip",
                "url": "https://api.github.com/repos/picqer/php-barcode-generator/zipball/dab19f2afe42d2e3dda1504f5834e36f2ecf0553",
                "reference": "dab19f2afe42d2e3dda1504f5834e36f2ecf0553",
                "shasum": ""
            },
            "require": {
                "ext-mbstring": "*",
                "php": "^7.3|^8.0"
            },
            "require-dev": {
                "phpunit/phpunit": "^9.5"
            },
            "suggest": {
                "ext-bcmath": "Barcode IMB (Intelligent Mail Barcode) needs bcmath extension",
                "ext-gd": "For JPG and PNG generators, GD or Imagick is required",
                "ext-imagick": "For JPG and PNG generators, GD or Imagick is required"
            },
            "type": "library",
            "autoload": {
                "psr-4": {
                    "Picqer\\Barcode\\": "src"
                }
            },
            "notification-url": "https://packagist.org/downloads/",
            "license": [
                "LGPL-3.0-or-later"
            ],
            "authors": [
                {
                    "name": "Nicola Asuni",
                    "email": "info@tecnick.com",
                    "homepage": "http://nicolaasuni.tecnick.com"
                },
                {
                    "name": "Casper Bakker",
                    "email": "info@picqer.com",
                    "homepage": "https://picqer.com"
                }
            ],
            "description": "An easy to use, non-bloated, barcode generator in PHP. Creates SVG, PNG, JPG and HTML images from the most used 1D barcode standards.",
            "homepage": "https://github.com/picqer/php-barcode-generator",
            "keywords": [
                "CODABAR",
                "Code11",
                "Code93",
                "EAN13",
                "KIX",
                "KIXCODE",
                "MSI",
                "POSTNET",
                "Pharma",
                "Standard 2 of 5",
                "barcode",
                "barcode generator",
                "code128",
                "code39",
                "ean",
                "html",
                "jpeg",
                "jpg",
                "php",
                "png",
                "svg",
                "upc"
            ],
            "support": {
                "issues": "https://github.com/picqer/php-barcode-generator/issues",
                "source": "https://github.com/picqer/php-barcode-generator/tree/v2.3.2"
            },
            "funding": [
                {
                    "url": "https://github.com/casperbakker",
                    "type": "github"
                }
            ],
            "time": "2023-07-25T06:37:46+00:00"
        }
    ],
    "packages-dev": [],
    "aliases": [],
    "minimum-stability": "stable",
    "stability-flags": [],
    "prefer-stable": false,
    "prefer-lowest": false,
    "platform": [],
    "platform-dev": [],
    "plugin-api-version": "2.3.0"
}
